{
  "nodes": {
    "nixpkgs": {
      "locked": {
        "lastModified": 1680758185,
        "narHash": "sha256-sCVWwfnk7zEX8Z+OItiH+pcSklrlsLZ4TJTtnxAYREw=",
        "owner": "NixOS",
        "repo": "nixpkgs",
        "rev": "0e19daa510e47a40e06257e205965f3b96ce0ac9",
        "type": "github"
      },
      "original": {
        "owner": "NixOS",
        "ref": "nixos-unstable",
        "repo": "nixpkgs",
        "type": "github"
      }
    },
    "root": {
      "inputs": {
        "nixpkgs": "nixpkgs",
        "webcord": "webcord"
      }
    },
    "webcord": {
      "flake": false,
      "locked": {
        "lastModified": 1680957790,
        "narHash": "sha256-39Qo2LzAbIpbYq0BSf/rV+tT3jZnlbXbxcGpz0AGBO4=",
        "owner": "SpacingBat3",
        "repo": "WebCord",
        "rev": "66c71e55c59a5455d64199789a7549cf8b367299",
        "type": "github"
      },
      "original": {
        "owner": "SpacingBat3",
        "repo": "WebCord",
        "type": "github"
      }
    }
  },
  "root": "root",
  "version": 7
}
